// !$*UTF8*$!
{
	archiveVersion = 1;
	classes = {
	};
	objectVersion = 56;
	objects = {

/* Begin PBXBuildFile section */
		C80D63762B1135BC0025C2B5 /* MockGoalRepository.swift in Sources */ = {isa = PBXBuildFile; fileRef = C80D63752B1135BC0025C2B5 /* MockGoalRepository.swift */; };
		C80D637E2B113B0C0025C2B5 /* MockGoalsRepositoryTests.swift in Sources */ = {isa = PBXBuildFile; fileRef = C80D637D2B113B0C0025C2B5 /* MockGoalsRepositoryTests.swift */; };
		C879844C2B0BF96B001B0068 /* RepositoryExplained.swift in Sources */ = {isa = PBXBuildFile; fileRef = C879844B2B0BF96B001B0068 /* RepositoryExplained.swift */; };
		C879844E2B0C0133001B0068 /* GoalRepositoryProtocol.swift in Sources */ = {isa = PBXBuildFile; fileRef = C879844D2B0C0133001B0068 /* GoalRepositoryProtocol.swift */; };
		C8B07A8A2B0A93A100F9B4B9 /* GoalsApp.swift in Sources */ = {isa = PBXBuildFile; fileRef = C8B07A892B0A93A100F9B4B9 /* GoalsApp.swift */; };
		C8B07A8C2B0A93A100F9B4B9 /* ContentView.swift in Sources */ = {isa = PBXBuildFile; fileRef = C8B07A8B2B0A93A100F9B4B9 /* ContentView.swift */; };
		C8B07A8E2B0A93A900F9B4B9 /* Assets.xcassets in Resources */ = {isa = PBXBuildFile; fileRef = C8B07A8D2B0A93A900F9B4B9 /* Assets.xcassets */; };
		C8B07A912B0A93A900F9B4B9 /* Preview Assets.xcassets in Resources */ = {isa = PBXBuildFile; fileRef = C8B07A902B0A93A900F9B4B9 /* Preview Assets.xcassets */; };
		C8B07AAA2B0A9C5E00F9B4B9 /* FirebaseFirestore in Frameworks */ = {isa = PBXBuildFile; productRef = C8B07AA92B0A9C5E00F9B4B9 /* FirebaseFirestore */; };
		C8B07AAC2B0A9C6900F9B4B9 /* FirebaseFirestoreSwift in Frameworks */ = {isa = PBXBuildFile; productRef = C8B07AAB2B0A9C6900F9B4B9 /* FirebaseFirestoreSwift */; };
		C8B07AB42B0AA12C00F9B4B9 /* Goal.swift in Sources */ = {isa = PBXBuildFile; fileRef = C8B07AB32B0AA12C00F9B4B9 /* Goal.swift */; };
		C8B07AB62B0AA28D00F9B4B9 /* Goal+Extension.swift in Sources */ = {isa = PBXBuildFile; fileRef = C8B07AB52B0AA28D00F9B4B9 /* Goal+Extension.swift */; };
		C8DE0E972B12964800E3A77F /* GoogleService-Info.plist in Resources */ = {isa = PBXBuildFile; fileRef = C8DE0E962B12964800E3A77F /* GoogleService-Info.plist */; };
/* End PBXBuildFile section */

/* Begin PBXContainerItemProxy section */
		C80D637F2B113B0C0025C2B5 /* PBXContainerItemProxy */ = {
			isa = PBXContainerItemProxy;
			containerPortal = C8B07A7E2B0A93A100F9B4B9 /* Project object */;
			proxyType = 1;
			remoteGlobalIDString = C8B07A852B0A93A100F9B4B9;
			remoteInfo = Goals;
		};
/* End PBXContainerItemProxy section */

/* Begin PBXFileReference section */
		C80D63752B1135BC0025C2B5 /* MockGoalRepository.swift */ = {isa = PBXFileReference; lastKnownFileType = sourcecode.swift; path = MockGoalRepository.swift; sourceTree = "<group>"; };
		C80D637B2B113B0C0025C2B5 /* GoalsTests.xctest */ = {isa = PBXFileReference; explicitFileType = wrapper.cfbundle; includeInIndex = 0; path = GoalsTests.xctest; sourceTree = BUILT_PRODUCTS_DIR; };
		C80D637D2B113B0C0025C2B5 /* MockGoalsRepositoryTests.swift */ = {isa = PBXFileReference; lastKnownFileType = sourcecode.swift; path = MockGoalsRepositoryTests.swift; sourceTree = "<group>"; };
		C879844B2B0BF96B001B0068 /* RepositoryExplained.swift */ = {isa = PBXFileReference; lastKnownFileType = sourcecode.swift; path = RepositoryExplained.swift; sourceTree = "<group>"; };
		C879844D2B0C0133001B0068 /* GoalRepositoryProtocol.swift */ = {isa = PBXFileReference; lastKnownFileType = sourcecode.swift; path = GoalRepositoryProtocol.swift; sourceTree = "<group>"; };
		C8B07A862B0A93A100F9B4B9 /* Goals.app */ = {isa = PBXFileReference; explicitFileType = wrapper.application; includeInIndex = 0; path = Goals.app; sourceTree = BUILT_PRODUCTS_DIR; };
		C8B07A892B0A93A100F9B4B9 /* GoalsApp.swift */ = {isa = PBXFileReference; lastKnownFileType = sourcecode.swift; path = GoalsApp.swift; sourceTree = "<group>"; };
		C8B07A8B2B0A93A100F9B4B9 /* ContentView.swift */ = {isa = PBXFileReference; lastKnownFileType = sourcecode.swift; path = ContentView.swift; sourceTree = "<group>"; };
		C8B07A8D2B0A93A900F9B4B9 /* Assets.xcassets */ = {isa = PBXFileReference; lastKnownFileType = folder.assetcatalog; path = Assets.xcassets; sourceTree = "<group>"; };
		C8B07A902B0A93A900F9B4B9 /* Preview Assets.xcassets */ = {isa = PBXFileReference; lastKnownFileType = folder.assetcatalog; path = "Preview Assets.xcassets"; sourceTree = "<group>"; };
		C8B07AB32B0AA12C00F9B4B9 /* Goal.swift */ = {isa = PBXFileReference; lastKnownFileType = sourcecode.swift; path = Goal.swift; sourceTree = "<group>"; };
		C8B07AB52B0AA28D00F9B4B9 /* Goal+Extension.swift */ = {isa = PBXFileReference; lastKnownFileType = sourcecode.swift; path = "Goal+Extension.swift"; sourceTree = "<group>"; };
		C8DE0E962B12964800E3A77F /* GoogleService-Info.plist */ = {isa = PBXFileReference; fileEncoding = 4; lastKnownFileType = text.plist.xml; path = "GoogleService-Info.plist"; sourceTree = "<group>"; };
/* End PBXFileReference section */

/* Begin PBXFrameworksBuildPhase section */
		C80D63782B113B0C0025C2B5 /* Frameworks */ = {
			isa = PBXFrameworksBuildPhase;
			buildActionMask = 2147483647;
			files = (
			);
			runOnlyForDeploymentPostprocessing = 0;
		};
		C8B07A832B0A93A100F9B4B9 /* Frameworks */ = {
			isa = PBXFrameworksBuildPhase;
			buildActionMask = 2147483647;
			files = (
				C8B07AAA2B0A9C5E00F9B4B9 /* FirebaseFirestore in Frameworks */,
				C8B07AAC2B0A9C6900F9B4B9 /* FirebaseFirestoreSwift in Frameworks */,
			);
			runOnlyForDeploymentPostprocessing = 0;
		};
/* End PBXFrameworksBuildPhase section */

/* Begin PBXGroup section */
		C80D637C2B113B0C0025C2B5 /* GoalsTests */ = {
			isa = PBXGroup;
			children = (
				C80D637D2B113B0C0025C2B5 /* MockGoalsRepositoryTests.swift */,
			);
			path = GoalsTests;
			sourceTree = "<group>";
		};
		C8B07A7D2B0A93A100F9B4B9 = {
			isa = PBXGroup;
			children = (
				C8B07A882B0A93A100F9B4B9 /* Goals */,
				C80D637C2B113B0C0025C2B5 /* GoalsTests */,
				C8B07A872B0A93A100F9B4B9 /* Products */,
				C8B07AA82B0A9C5E00F9B4B9 /* Frameworks */,
			);
			sourceTree = "<group>";
		};
		C8B07A872B0A93A100F9B4B9 /* Products */ = {
			isa = PBXGroup;
			children = (
				C8B07A862B0A93A100F9B4B9 /* Goals.app */,
				C80D637B2B113B0C0025C2B5 /* GoalsTests.xctest */,
			);
			name = Products;
			sourceTree = "<group>";
		};
		C8B07A882B0A93A100F9B4B9 /* Goals */ = {
			isa = PBXGroup;
			children = (
				C8DE0E962B12964800E3A77F /* GoogleService-Info.plist */,
				C8B07AB12B0A9FF100F9B4B9 /* Models */,
				C8B07AB02B0A9FEC00F9B4B9 /* Views */,
				C8B07AAF2B0A9FE600F9B4B9 /* ViewModels */,
				C8B07AAE2B0A9FDC00F9B4B9 /* Repositories */,
				C8B07AAD2B0A9FCB00F9B4B9 /* Utils */,
				C8B07A892B0A93A100F9B4B9 /* GoalsApp.swift */,
				C8B07A8D2B0A93A900F9B4B9 /* Assets.xcassets */,
				C8B07A8F2B0A93A900F9B4B9 /* Preview Content */,
			);
			path = Goals;
			sourceTree = "<group>";
		};
		C8B07A8F2B0A93A900F9B4B9 /* Preview Content */ = {
			isa = PBXGroup;
			children = (
				C8B07A902B0A93A900F9B4B9 /* Preview Assets.xcassets */,
			);
			path = "Preview Content";
			sourceTree = "<group>";
		};
		C8B07AA82B0A9C5E00F9B4B9 /* Frameworks */ = {
			isa = PBXGroup;
			children = (
			);
			name = Frameworks;
			sourceTree = "<group>";
		};
		C8B07AAD2B0A9FCB00F9B4B9 /* Utils */ = {
			isa = PBXGroup;
			children = (
			);
			path = Utils;
			sourceTree = "<group>";
		};
		C8B07AAE2B0A9FDC00F9B4B9 /* Repositories */ = {
			isa = PBXGroup;
			children = (
				C879844B2B0BF96B001B0068 /* RepositoryExplained.swift */,
				C879844D2B0C0133001B0068 /* GoalRepositoryProtocol.swift */,
				C80D63752B1135BC0025C2B5 /* MockGoalRepository.swift */,
			);
			path = Repositories;
			sourceTree = "<group>";
		};
		C8B07AAF2B0A9FE600F9B4B9 /* ViewModels */ = {
			isa = PBXGroup;
			children = (
			);
			path = ViewModels;
			sourceTree = "<group>";
		};
		C8B07AB02B0A9FEC00F9B4B9 /* Views */ = {
			isa = PBXGroup;
			children = (
				C8B07A8B2B0A93A100F9B4B9 /* ContentView.swift */,
			);
			path = Views;
			sourceTree = "<group>";
		};
		C8B07AB12B0A9FF100F9B4B9 /* Models */ = {
			isa = PBXGroup;
			children = (
				C8B07AB32B0AA12C00F9B4B9 /* Goal.swift */,
				C8B07AB52B0AA28D00F9B4B9 /* Goal+Extension.swift */,
			);
			path = Models;
			sourceTree = "<group>";
		};
/* End PBXGroup section */

/* Begin PBXNativeTarget section */
		C80D637A2B113B0C0025C2B5 /* GoalsTests */ = {
			isa = PBXNativeTarget;
			buildConfigurationList = C80D63812B113B0C0025C2B5 /* Build configuration list for PBXNativeTarget "GoalsTests" */;
			buildPhases = (
				C80D63772B113B0C0025C2B5 /* Sources */,
				C80D63782B113B0C0025C2B5 /* Frameworks */,
				C80D63792B113B0C0025C2B5 /* Resources */,
			);
			buildRules = (
			);
			dependencies = (
				C80D63802B113B0C0025C2B5 /* PBXTargetDependency */,
			);
			name = GoalsTests;
			productName = GoalsTests;
			productReference = C80D637B2B113B0C0025C2B5 /* GoalsTests.xctest */;
			productType = "com.apple.product-type.bundle.unit-test";
		};
		C8B07A852B0A93A100F9B4B9 /* Goals */ = {
			isa = PBXNativeTarget;
			buildConfigurationList = C8B07A942B0A93A900F9B4B9 /* Build configuration list for PBXNativeTarget "Goals" */;
			buildPhases = (
				C8B07A822B0A93A100F9B4B9 /* Sources */,
				C8B07A832B0A93A100F9B4B9 /* Frameworks */,
				C8B07A842B0A93A100F9B4B9 /* Resources */,
			);
			buildRules = (
			);
			dependencies = (
			);
			name = Goals;
			packageProductDependencies = (
				C8B07AA92B0A9C5E00F9B4B9 /* FirebaseFirestore */,
				C8B07AAB2B0A9C6900F9B4B9 /* FirebaseFirestoreSwift */,
			);
			productName = Goals;
			productReference = C8B07A862B0A93A100F9B4B9 /* Goals.app */;
			productType = "com.apple.product-type.application";
		};
/* End PBXNativeTarget section */

/* Begin PBXProject section */
		C8B07A7E2B0A93A100F9B4B9 /* Project object */ = {
			isa = PBXProject;
			attributes = {
				BuildIndependentTargetsInParallel = 1;
				LastSwiftUpdateCheck = 1500;
				LastUpgradeCheck = 1500;
				TargetAttributes = {
					C80D637A2B113B0C0025C2B5 = {
						CreatedOnToolsVersion = 15.0.1;
						TestTargetID = C8B07A852B0A93A100F9B4B9;
					};
					C8B07A852B0A93A100F9B4B9 = {
						CreatedOnToolsVersion = 15.0.1;
					};
				};
			};
			buildConfigurationList = C8B07A812B0A93A100F9B4B9 /* Build configuration list for PBXProject "Goals" */;
			compatibilityVersion = "Xcode 14.0";
			developmentRegion = en;
			hasScannedForEncodings = 0;
			knownRegions = (
				en,
				Base,
			);
			mainGroup = C8B07A7D2B0A93A100F9B4B9;
			packageReferences = (
				C8B07A9D2B0A9C1800F9B4B9 /* XCRemoteSwiftPackageReference "firebase-ios-sdk" */,
			);
			productRefGroup = C8B07A872B0A93A100F9B4B9 /* Products */;
			projectDirPath = "";
			projectRoot = "";
			targets = (
				C8B07A852B0A93A100F9B4B9 /* Goals */,
				C80D637A2B113B0C0025C2B5 /* GoalsTests */,
			);
		};
/* End PBXProject section */

/* Begin PBXResourcesBuildPhase section */
		C80D63792B113B0C0025C2B5 /* Resources */ = {
			isa = PBXResourcesBuildPhase;
			buildActionMask = 2147483647;
			files = (
			);
			runOnlyForDeploymentPostprocessing = 0;
		};
		C8B07A842B0A93A100F9B4B9 /* Resources */ = {
			isa = PBXResourcesBuildPhase;
			buildActionMask = 2147483647;
			files = (
				C8B07A912B0A93A900F9B4B9 /* Preview Assets.xcassets in Resources */,
				C8B07A8E2B0A93A900F9B4B9 /* Assets.xcassets in Resources */,
				C8DE0E972B12964800E3A77F /* GoogleService-Info.plist in Resources */,
			);
			runOnlyForDeploymentPostprocessing = 0;
		};
/* End PBXResourcesBuildPhase section */

/* Begin PBXSourcesBuildPhase section */
		C80D63772B113B0C0025C2B5 /* Sources */ = {
			isa = PBXSourcesBuildPhase;
			buildActionMask = 2147483647;
			files = (
				C80D637E2B113B0C0025C2B5 /* MockGoalsRepositoryTests.swift in Sources */,
			);
			runOnlyForDeploymentPostprocessing = 0;
		};
		C8B07A822B0A93A100F9B4B9 /* Sources */ = {
			isa = PBXSourcesBuildPhase;
			buildActionMask = 2147483647;
			files = (
				C879844E2B0C0133001B0068 /* GoalRepositoryProtocol.swift in Sources */,
				C8B07A8C2B0A93A100F9B4B9 /* ContentView.swift in Sources */,
				C879844C2B0BF96B001B0068 /* RepositoryExplained.swift in Sources */,
				C8B07AB42B0AA12C00F9B4B9 /* Goal.swift in Sources */,
				C8B07AB62B0AA28D00F9B4B9 /* Goal+Extension.swift in Sources */,
				C80D63762B1135BC0025C2B5 /* MockGoalRepository.swift in Sources */,
				C8B07A8A2B0A93A100F9B4B9 /* GoalsApp.swift in Sources */,
			);
			runOnlyForDeploymentPostprocessing = 0;
		};
/* End PBXSourcesBuildPhase section */

/* Begin PBXTargetDependency section */
		C80D63802B113B0C0025C2B5 /* PBXTargetDependency */ = {
			isa = PBXTargetDependency;
			target = C8B07A852B0A93A100F9B4B9 /* Goals */;
			targetProxy = C80D637F2B113B0C0025C2B5 /* PBXContainerItemProxy */;
		};
/* End PBXTargetDependency section */

/* Begin XCBuildConfiguration section */
		C80D63822B113B0C0025C2B5 /* Debug */ = {
			isa = XCBuildConfiguration;
			buildSettings = {
				BUNDLE_LOADER = "$(TEST_HOST)";
				CODE_SIGN_STYLE = Automatic;
				CURRENT_PROJECT_VERSION = 1;
				DEVELOPMENT_TEAM = U6JX84M9ZS;
				GENERATE_INFOPLIST_FILE = YES;
				MARKETING_VERSION = 1.0;
				PRODUCT_BUNDLE_IDENTIFIER = com.abanoubashraf.GoalsTests;
				PRODUCT_NAME = "$(TARGET_NAME)";
				SWIFT_EMIT_LOC_STRINGS = NO;
				SWIFT_VERSION = 5.0;
				TARGETED_DEVICE_FAMILY = "1,2";
				TEST_HOST = "$(BUILT_PRODUCTS_DIR)/Goals.app/$(BUNDLE_EXECUTABLE_FOLDER_PATH)/Goals";
			};
			name = Debug;
		};
		C80D63832B113B0C0025C2B5 /* Release */ = {
			isa = XCBuildConfiguration;
			buildSettings = {
				BUNDLE_LOADER = "$(TEST_HOST)";
				CODE_SIGN_STYLE = Automatic;
				CURRENT_PROJECT_VERSION = 1;
				DEVELOPMENT_TEAM = U6JX84M9ZS;
				GENERATE_INFOPLIST_FILE = YES;
				MARKETING_VERSION = 1.0;
				PRODUCT_BUNDLE_IDENTIFIER = com.abanoubashraf.GoalsTests;
				PRODUCT_NAME = "$(TARGET_NAME)";
				SWIFT_EMIT_LOC_STRINGS = NO;
				SWIFT_VERSION = 5.0;
				TARGETED_DEVICE_FAMILY = "1,2";
				TEST_HOST = "$(BUILT_PRODUCTS_DIR)/Goals.app/$(BUNDLE_EXECUTABLE_FOLDER_PATH)/Goals";
			};
			name = Release;
		};
		C8B07A922B0A93A900F9B4B9 /* Debug */ = {
			isa = XCBuildConfiguration;
			buildSettings = {
				ALWAYS_SEARCH_USER_PATHS = NO;
				ASSETCATALOG_COMPILER_GENERATE_SWIFT_ASSET_SYMBOL_EXTENSIONS = YES;
				CLANG_ANALYZER_NONNULL = YES;
				CLANG_ANALYZER_NUMBER_OBJECT_CONVERSION = YES_AGGRESSIVE;
				CLANG_CXX_LANGUAGE_STANDARD = "gnu++20";
				CLANG_ENABLE_MODULES = YES;
				CLANG_ENABLE_OBJC_ARC = YES;
				CLANG_ENABLE_OBJC_WEAK = YES;
				CLANG_WARN_BLOCK_CAPTURE_AUTORELEASING = YES;
				CLANG_WARN_BOOL_CONVERSION = YES;
				CLANG_WARN_COMMA = YES;
				CLANG_WARN_CONSTANT_CONVERSION = YES;
				CLANG_WARN_DEPRECATED_OBJC_IMPLEMENTATIONS = YES;
				CLANG_WARN_DIRECT_OBJC_ISA_USAGE = YES_ERROR;
				CLANG_WARN_DOCUMENTATION_COMMENTS = YES;
				CLANG_WARN_EMPTY_BODY = YES;
				CLANG_WARN_ENUM_CONVERSION = YES;
				CLANG_WARN_INFINITE_RECURSION = YES;
				CLANG_WARN_INT_CONVERSION = YES;
				CLANG_WARN_NON_LITERAL_NULL_CONVERSION = YES;
				CLANG_WARN_OBJC_IMPLICIT_RETAIN_SELF = YES;
				CLANG_WARN_OBJC_LITERAL_CONVERSION = YES;
				CLANG_WARN_OBJC_ROOT_CLASS = YES_ERROR;
				CLANG_WARN_QUOTED_INCLUDE_IN_FRAMEWORK_HEADER = YES;
				CLANG_WARN_RANGE_LOOP_ANALYSIS = YES;
				CLANG_WARN_STRICT_PROTOTYPES = YES;
				CLANG_WARN_SUSPICIOUS_MOVE = YES;
				CLANG_WARN_UNGUARDED_AVAILABILITY = YES_AGGRESSIVE;
				CLANG_WARN_UNREACHABLE_CODE = YES;
				CLANG_WARN__DUPLICATE_METHOD_MATCH = YES;
				COPY_PHASE_STRIP = NO;
				DEBUG_INFORMATION_FORMAT = dwarf;
				ENABLE_STRICT_OBJC_MSGSEND = YES;
				ENABLE_TESTABILITY = YES;
				ENABLE_USER_SCRIPT_SANDBOXING = YES;
				GCC_C_LANGUAGE_STANDARD = gnu17;
				GCC_DYNAMIC_NO_PIC = NO;
				GCC_NO_COMMON_BLOCKS = YES;
				GCC_OPTIMIZATION_LEVEL = 0;
				GCC_PREPROCESSOR_DEFINITIONS = (
					"DEBUG=1",
					"$(inherited)",
				);
				GCC_WARN_64_TO_32_BIT_CONVERSION = YES;
				GCC_WARN_ABOUT_RETURN_TYPE = YES_ERROR;
				GCC_WARN_UNDECLARED_SELECTOR = YES;
				GCC_WARN_UNINITIALIZED_AUTOS = YES_AGGRESSIVE;
				GCC_WARN_UNUSED_FUNCTION = YES;
				GCC_WARN_UNUSED_VARIABLE = YES;
				IPHONEOS_DEPLOYMENT_TARGET = 17.0;
				LOCALIZATION_PREFERS_STRING_CATALOGS = YES;
				MTL_ENABLE_DEBUG_INFO = INCLUDE_SOURCE;
				MTL_FAST_MATH = YES;
				ONLY_ACTIVE_ARCH = YES;
				SDKROOT = iphoneos;
				SWIFT_ACTIVE_COMPILATION_CONDITIONS = "DEBUG $(inherited)";
				SWIFT_OPTIMIZATION_LEVEL = "-Onone";
			};
			name = Debug;
		};
		C8B07A932B0A93A900F9B4B9 /* Release */ = {
			isa = XCBuildConfiguration;
			buildSettings = {
				ALWAYS_SEARCH_USER_PATHS = NO;
				ASSETCATALOG_COMPILER_GENERATE_SWIFT_ASSET_SYMBOL_EXTENSIONS = YES;
				CLANG_ANALYZER_NONNULL = YES;
				CLANG_ANALYZER_NUMBER_OBJECT_CONVERSION = YES_AGGRESSIVE;
				CLANG_CXX_LANGUAGE_STANDARD = "gnu++20";
				CLANG_ENABLE_MODULES = YES;
				CLANG_ENABLE_OBJC_ARC = YES;
				CLANG_ENABLE_OBJC_WEAK = YES;
				CLANG_WARN_BLOCK_CAPTURE_AUTORELEASING = YES;
				CLANG_WARN_BOOL_CONVERSION = YES;
				CLANG_WARN_COMMA = YES;
				CLANG_WARN_CONSTANT_CONVERSION = YES;
				CLANG_WARN_DEPRECATED_OBJC_IMPLEMENTATIONS = YES;
				CLANG_WARN_DIRECT_OBJC_ISA_USAGE = YES_ERROR;
				CLANG_WARN_DOCUMENTATION_COMMENTS = YES;
				CLANG_WARN_EMPTY_BODY = YES;
				CLANG_WARN_ENUM_CONVERSION = YES;
				CLANG_WARN_INFINITE_RECURSION = YES;
				CLANG_WARN_INT_CONVERSION = YES;
				CLANG_WARN_NON_LITERAL_NULL_CONVERSION = YES;
				CLANG_WARN_OBJC_IMPLICIT_RETAIN_SELF = YES;
				CLANG_WARN_OBJC_LITERAL_CONVERSION = YES;
				CLANG_WARN_OBJC_ROOT_CLASS = YES_ERROR;
				CLANG_WARN_QUOTED_INCLUDE_IN_FRAMEWORK_HEADER = YES;
				CLANG_WARN_RANGE_LOOP_ANALYSIS = YES;
				CLANG_WARN_STRICT_PROTOTYPES = YES;
				CLANG_WARN_SUSPICIOUS_MOVE = YES;
				CLANG_WARN_UNGUARDED_AVAILABILITY = YES_AGGRESSIVE;
				CLANG_WARN_UNREACHABLE_CODE = YES;
				CLANG_WARN__DUPLICATE_METHOD_MATCH = YES;
				COPY_PHASE_STRIP = NO;
				DEBUG_INFORMATION_FORMAT = "dwarf-with-dsym";
				ENABLE_NS_ASSERTIONS = NO;
				ENABLE_STRICT_OBJC_MSGSEND = YES;
				ENABLE_USER_SCRIPT_SANDBOXING = YES;
				GCC_C_LANGUAGE_STANDARD = gnu17;
				GCC_NO_COMMON_BLOCKS = YES;
				GCC_WARN_64_TO_32_BIT_CONVERSION = YES;
				GCC_WARN_ABOUT_RETURN_TYPE = YES_ERROR;
				GCC_WARN_UNDECLARED_SELECTOR = YES;
				GCC_WARN_UNINITIALIZED_AUTOS = YES_AGGRESSIVE;
				GCC_WARN_UNUSED_FUNCTION = YES;
				GCC_WARN_UNUSED_VARIABLE = YES;
				IPHONEOS_DEPLOYMENT_TARGET = 17.0;
				LOCALIZATION_PREFERS_STRING_CATALOGS = YES;
				MTL_ENABLE_DEBUG_INFO = NO;
				MTL_FAST_MATH = YES;
				SDKROOT = iphoneos;
				SWIFT_COMPILATION_MODE = wholemodule;
				VALIDATE_PRODUCT = YES;
			};
			name = Release;
		};
		C8B07A952B0A93A900F9B4B9 /* Debug */ = {
			isa = XCBuildConfiguration;
			buildSettings = {
				ASSETCATALOG_COMPILER_APPICON_NAME = AppIcon;
				ASSETCATALOG_COMPILER_GLOBAL_ACCENT_COLOR_NAME = AccentColor;
				CODE_SIGN_STYLE = Automatic;
				CURRENT_PROJECT_VERSION = 1;
				DEVELOPMENT_ASSET_PATHS = "\"Goals/Preview Content\"";
				DEVELOPMENT_TEAM = U6JX84M9ZS;
				ENABLE_PREVIEWS = YES;
				GENERATE_INFOPLIST_FILE = YES;
				INFOPLIST_KEY_UIApplicationSceneManifest_Generation = YES;
				INFOPLIST_KEY_UIApplicationSupportsIndirectInputEvents = YES;
				INFOPLIST_KEY_UILaunchScreen_Generation = YES;
				INFOPLIST_KEY_UISupportedInterfaceOrientations_iPad = "UIInterfaceOrientationPortrait UIInterfaceOrientationPortraitUpsideDown UIInterfaceOrientationLandscapeLeft UIInterfaceOrientationLandscapeRight";
				INFOPLIST_KEY_UISupportedInterfaceOrientations_iPhone = "UIInterfaceOrientationPortrait UIInterfaceOrientationLandscapeLeft UIInterfaceOrientationLandscapeRight";
				LD_RUNPATH_SEARCH_PATHS = (
					"$(inherited)",
					"@executable_path/Frameworks",
				);
				MARKETING_VERSION = 1.0;
				PRODUCT_BUNDLE_IDENTIFIER = com.abanoubashraf.Goals;
				PRODUCT_NAME = "$(TARGET_NAME)";
				SWIFT_EMIT_LOC_STRINGS = YES;
				SWIFT_VERSION = 5.0;
				TARGETED_DEVICE_FAMILY = "1,2";
			};
			name = Debug;
		};
		C8B07A962B0A93A900F9B4B9 /* Release */ = {
			isa = XCBuildConfiguration;
			buildSettings = {
				ASSETCATALOG_COMPILER_APPICON_NAME = AppIcon;
				ASSETCATALOG_COMPILER_GLOBAL_ACCENT_COLOR_NAME = AccentColor;
				CODE_SIGN_STYLE = Automatic;
				CURRENT_PROJECT_VERSION = 1;
				DEVELOPMENT_ASSET_PATHS = "\"Goals/Preview Content\"";
				DEVELOPMENT_TEAM = U6JX84M9ZS;
				ENABLE_PREVIEWS = YES;
				GENERATE_INFOPLIST_FILE = YES;
				INFOPLIST_KEY_UIApplicationSceneManifest_Generation = YES;
				INFOPLIST_KEY_UIApplicationSupportsIndirectInputEvents = YES;
				INFOPLIST_KEY_UILaunchScreen_Generation = YES;
				INFOPLIST_KEY_UISupportedInterfaceOrientations_iPad = "UIInterfaceOrientationPortrait UIInterfaceOrientationPortraitUpsideDown UIInterfaceOrientationLandscapeLeft UIInterfaceOrientationLandscapeRight";
				INFOPLIST_KEY_UISupportedInterfaceOrientations_iPhone = "UIInterfaceOrientationPortrait UIInterfaceOrientationLandscapeLeft UIInterfaceOrientationLandscapeRight";
				LD_RUNPATH_SEARCH_PATHS = (
					"$(inherited)",
					"@executable_path/Frameworks",
				);
				MARKETING_VERSION = 1.0;
				PRODUCT_BUNDLE_IDENTIFIER = com.abanoubashraf.Goals;
				PRODUCT_NAME = "$(TARGET_NAME)";
				SWIFT_EMIT_LOC_STRINGS = YES;
				SWIFT_VERSION = 5.0;
				TARGETED_DEVICE_FAMILY = "1,2";
			};
			name = Release;
		};
/* End XCBuildConfiguration section */

/* Begin XCConfigurationList section */
		C80D63812B113B0C0025C2B5 /* Build configuration list for PBXNativeTarget "GoalsTests" */ = {
			isa = XCConfigurationList;
			buildConfigurations = (
				C80D63822B113B0C0025C2B5 /* Debug */,
				C80D63832B113B0C0025C2B5 /* Release */,
			);
			defaultConfigurationIsVisible = 0;
			defaultConfigurationName = Release;
		};
		C8B07A812B0A93A100F9B4B9 /* Build configuration list for PBXProject "Goals" */ = {
			isa = XCConfigurationList;
			buildConfigurations = (
				C8B07A922B0A93A900F9B4B9 /* Debug */,
				C8B07A932B0A93A900F9B4B9 /* Release */,
			);
			defaultConfigurationIsVisible = 0;
			defaultConfigurationName = Release;
		};
		C8B07A942B0A93A900F9B4B9 /* Build configuration list for PBXNativeTarget "Goals" */ = {
			isa = XCConfigurationList;
			buildConfigurations = (
				C8B07A952B0A93A900F9B4B9 /* Debug */,
				C8B07A962B0A93A900F9B4B9 /* Release */,
			);
			defaultConfigurationIsVisible = 0;
			defaultConfigurationName = Release;
		};
/* End XCConfigurationList section */

/* Begin XCRemoteSwiftPackageReference section */
		C8B07A9D2B0A9C1800F9B4B9 /* XCRemoteSwiftPackageReference "firebase-ios-sdk" */ = {
			isa = XCRemoteSwiftPackageReference;
			repositoryURL = "https://github.com/firebase/firebase-ios-sdk";
			requirement = {
				kind = upToNextMajorVersion;
				minimumVersion = 10.18.0;
			};
		};
/* End XCRemoteSwiftPackageReference section */

/* Begin XCSwiftPackageProductDependency section */
		C8B07AA92B0A9C5E00F9B4B9 /* FirebaseFirestore */ = {
			isa = XCSwiftPackageProductDependency;
			package = C8B07A9D2B0A9C1800F9B4B9 /* XCRemoteSwiftPackageReference "firebase-ios-sdk" */;
			productName = FirebaseFirestore;
		};
		C8B07AAB2B0A9C6900F9B4B9 /* FirebaseFirestoreSwift */ = {
			isa = XCSwiftPackageProductDependency;
			package = C8B07A9D2B0A9C1800F9B4B9 /* XCRemoteSwiftPackageReference "firebase-ios-sdk" */;
			productName = FirebaseFirestoreSwift;
		};
/* End XCSwiftPackageProductDependency section */
	};
	rootObject = C8B07A7E2B0A93A100F9B4B9 /* Project object */;
}
